github.com/AndreasBriese/bbloom v0.0.0-20170702084017-28f7e881ca57 h1:CVuXDbdzPW0XCNYTldy5dQues57geAs+vfwz3FTTpy8=
github.com/AndreasBriese/bbloom v0.0.0-20170702084017-28f7e881ca57/go.mod h1:bOvUY6CB00SOBii9/FifXqc0awNKxLFCL/+pkDPuyl8=
github.com/BurntSushi/toml v0.3.0/go.mod h1:xHWCNGjB5oqiDr8zfno3MHue2Ht5sIBksp03qcyfWMU=
github.com/StackExchange/wmi v0.0.0-20180116203802-5d049714c4a6/go.mod h1:3eOhrUMpNV+6aFIbp5/iudMxNCF27Vw2OZgy4xEx0Fg=
github.com/StackExchange/wmi v0.0.0-20180725035823-b12b22c5341f/go.mod h1:3eOhrUMpNV+6aFIbp5/iudMxNCF27Vw2OZgy4xEx0Fg=
github.com/coreos/bbolt v1.3.0/go.mod h1:iRUV2dpdMOn7Bo10OQBFzIJO9kkE559Wcmn+qkEiiKk=
github.com/coreos/etcd v3.3.9+incompatible h1:/pWnp1yEff0z+vBEOBFLZZ22Ux5xoVozEe7X0VFyRNo=
github.com/coreos/etcd v3.3.9+incompatible/go.mod h1:uF7uidLiAD3TWHmW31ZFd/JWoc32PjwdhPthX9715RE=
github.com/dgraph-io/badger v1.5.4 h1:gVTrpUTbbr/T24uvoCaqY2KSHfNLVGm0w+hbee2HMeg=
github.com/dgraph-io/badger v1.5.4/go.mod h1:VZxzAIRPHRVNRKRo6AXrX9BJegn6il06VMTZVJYCIjQ=
github.com/dgryski/go-farm v0.0.0-20180109070241-2de33835d102/go.mod h1:SqUrOPUnsFjfmXRMNPybcSiG0BgUW2AuFH8PAnS2iTw=
github.com/etcd-io/bbolt v1.3.1-etcd.7 h1:KKrz+pt3O9OFKeGv3rb/UOub4HTi5z0gFr7cmXw0/3c=
github.com/etcd-io/bbolt v1.3.1-etcd.7/go.mod h1:ZF2nL25h33cCyBtcyWeZ2/I3HQOfTP+0PIEvHjkjCrw=
github.com/etcd-io/etcd v3.3.9+incompatible/go.mod h1:cdZ77EstHBwVtD6iTgzgvogwcjo9m4iOqoijouPJ4bs=
github.com/fsnotify/fsnotify v1.4.7 h1:IXs+QLmnXW2CcXuY+8Mzv/fWEsPGWxqefPtCP5CnV9I=
github.com/fsnotify/fsnotify v1.4.7/go.mod h1:jwhsz4b93w/PPRr/qN1Yymfu8t87LnFCMoQvtojpjFo=
github.com/go-ego/cedar v0.0.0-20180905173823-393be26fe3b8 h1:o7TXdpuhgnB/KOVRpWNEAXV+dEGWqKNVJF7UrDjiwC8=
github.com/go-ego/cedar v0.0.0-20180905173823-393be26fe3b8/go.mod h1:TMuo5n9ZbmInm6IKEHqoCsW0EDYufNXKUQ/rqoZpPZE=
github.com/go-ego/gpy v0.0.0-20180613130004-5e7198f4b498/go.mod h1:IdBbkLL575G/iyTKfIQMP89ZTroZ6qcVIAQpnc0o/xk=
github.com/go-ego/gpy v0.0.0-20180905182312-c381ef5b982f h1:9LuthG9mEsXqI6gXizAjzqTm0gC/zW+LeZ7EInNKNAI=
github.com/go-ego/gpy v0.0.0-20180905182312-c381ef5b982f/go.mod h1:IdBbkLL575G/iyTKfIQMP89ZTroZ6qcVIAQpnc0o/xk=
github.com/go-ego/gse v0.0.0-20181025134840-c539b6c2f5ae h1:DaaX3gx0Qnrt1/NUvegVK1ZaIkSoCKZ1qNPWUT02Hdc=
github.com/go-ego/gse v0.0.0-20181025134840-c539b6c2f5ae/go.mod h1:Qs9mZw6jna9uQ1LgvX6ag0li8et/tlwF6AbgdnVnIPo=
github.com/go-ego/murmur v0.0.0-20181019172721-24868d0e6e66 h1:1QyAiNbCfYM1TKNufH6qAnI5SeI8Ec8hKtunT9dCFB4=
github.com/go-ego/murmur v0.0.0-20181019172721-24868d0e6e66/go.mod h1:WocLQI5wTl0GeQ+h144mrLx1vyFZkoOxGKlzD7xlqdc=
github.com/go-ole/go-ole v1.2.1/go.mod h1:7FAglXiTm7HKlQRDeOQ6ZNUHidzCWXuZWq/1dTyBNF8=
github.com/go-vgo/grpclb v0.0.0-20180520124126-434b4da1cea2 h1:xwn4PU3jIrV8TlxAj78tYEn9dTLrtmuDviTHcDTqGOc=
github.com/go-vgo/grpclb v0.0.0-20180520124126-434b4da1cea2/go.mod h1:sLelYUl1D8P3psJVdnxzjw2wH0CFxJllfczwnOLx9K4=
github.com/go-vgo/gt v0.0.0-20180924174828-283b79133891 h1:NDJdlsxG1e8hMAjG2+auRFH+dw8D0QWsnF1KpdFbN1A=
github.com/go-vgo/gt v0.0.0-20180924174828-283b79133891/go.mod h1:+9hm4EOGtaA1MieKDwGVdzgSREtWgFPMeBOBjBJP4Js=
github.com/gogo/protobuf v1.1.1 h1:72R+M5VuhED/KujmZVcIquuo8mBgX4oVda//DQb3PXo=
github.com/gogo/protobuf v1.1.1/go.mod h1:r8qH/GZQm5c6nD/R0oafs1akxWv10x8SbQlK7atdtwQ=
github.com/golang/net v0.0.0-20180702212446-ed29d75add3d h1:ASiWohtxR9NLJp+UQgnCWcZ+UzfEEnR3c/iiCzJdg9g=
github.com/golang/net v0.0.0-20180702212446-ed29d75add3d/go.mod h1:98y8FxUyMjTdJ5eOj/8vzuiVO14/dkJ98NYhEPG8QGY=
github.com/golang/protobuf v1.1.0/go.mod h1:6lQm79b+lXiMfvg/cZm0SGofjICqVBUtrP5yJMmIC1U=
github.com/golang/protobuf v1.2.0 h1:P3YflyNX/ehuJFLhxviNdFxQPkGK5cDcApsge1SqnvM=
github.com/golang/protobuf v1.2.0/go.mod h1:6lQm79b+lXiMfvg/cZm0SGofjICqVBUtrP5yJMmIC1U=
github.com/golang/snappy v0.0.0-20180518054509-2e65f85255db/go.mod h1:/XxbfmMg8lxefKM7IXC3fBNl/7bRcc72aCRzEWrmP2Q=
github.com/golang/sys v0.0.0-20180329131831-378d26f46672 h1:jmLusSNfKXc/aY/8KJ+3nFSLcSt0ej702C6qnCH41n8=
github.com/golang/sys v0.0.0-20180329131831-378d26f46672/go.mod h1:5JyrLPvD/ZdaYkT7IqKhsP5xt7aLjA99KXRtk4EIYDk=
github.com/golang/text v0.3.0 h1:uI5zIUA9cg047ctlTptnVc0Ghjfurf2eZMFrod8R7v8=
github.com/golang/text v0.3.0/go.mod h1:GUiq9pdJKRKKAZXiVgWFEvocYuREvC14NhI4OPgEjeE=
github.com/grpc/grpc-go v1.14.0 h1:mdO9QxZPgbtuMPrWCiqhyGPGLg/8E/sZpJwOOqyl134=
github.com/grpc/grpc-go v1.14.0/go.mod h1:OkrsaFQVyvU0P5XR5PQ2d19rg8dJ/sIJcthuZNcktKk=
github.com/pelletier/go-toml v1.2.0 h1:T5zMGML61Wp+FlcbWjRDT7yAxhJNAiPPLOFECq181zc=
github.com/pelletier/go-toml v1.2.0/go.mod h1:5z9KED0ma1S8pY6P1sdut58dfprrGBbd/94hg7ilaic=
github.com/pkg/errors v0.8.0/go.mod h1:bwawxfHBFNV+L2hUp1rHADufV3IMtnDRdf1r5NINEl0=
github.com/shirou/gopsutil v0.0.0-20180801053943-8048a2e9c577 h1:fgCv3khdlkkaSfAehroQ2qpqJaM4eBFl6MhCWOWQNpY=
github.com/shirou/gopsutil v0.0.0-20180801053943-8048a2e9c577/go.mod h1:5b4v6he4MtMOwMlS0TUMTu2PcXUg8+E1lC7eC3UO/RA=
github.com/syndtr/goleveldb v0.0.0-20180815032940-ae2bd5eed72d h1:4J9HCZVpvDmj2tiKGSTUnb3Ok/9CEQb9oqu9LHKQQpc=
github.com/syndtr/goleveldb v0.0.0-20180815032940-ae2bd5eed72d/go.mod h1:Z4AUp2Km+PwemOoO/VB5AOx9XSsIItzFjoJlOSiYmn0=
github.com/vcaesar/tt v0.0.0-20180903174032-59ab8a500c5e/go.mod h1:xKkGp+ufbz/1DQmNxdbAMFqZJOVIJEX7dGvLZMhPIWg=
github.com/vcaesar/tt v0.0.0-20181014173808-65366af8a7be h1:2l6GfIkx9sSQYrgYE4UNTcJ9lfkDNChIj/DtFmW0Ztw=
github.com/vcaesar/tt v0.0.0-20181014173808-65366af8a7be/go.mod h1:xKkGp+ufbz/1DQmNxdbAMFqZJOVIJEX7dGvLZMhPIWg=
go.uber.org/atomic v1.3.2 h1:2Oa65PReHzfn29GpvgsYwloV9AVFHPDk8tYxt2c2tr4=
go.uber.org/atomic v1.3.2/go.mod h1:gD2HeocX3+yG+ygLZcrzQJaqmWj9AIm7n08wl/qW/PE=
go.uber.org/multierr v1.1.0 h1:HoEmRHQPVSqub6w2z2d2EOVs2fjyFRGyofhKuyDq0QI=
go.uber.org/multierr v1.1.0/go.mod h1:wR5kodmAFQ0UK8QlbwjlSNy0Z68gJhDJUG5sjR94q/0=
go.uber.org/zap v1.9.1 h1:XCJQEf3W6eZaVwhRBof6ImoYGJSITeKWsyeh3HFu/5o=
go.uber.org/zap v1.9.1/go.mod h1:vwi/ZaCAaUcBkycHslxD9B2zi4UTXhF60s6SWpuDF0Q=
gopkg.in/natefinch/lumberjack.v2 v2.0.0-20170531160350-a96e63847dc3 h1:AFxeG48hTWHhDTQDk/m2gorfVHUEa9vo3tp3D7TzwjI=
gopkg.in/natefinch/lumberjack.v2 v2.0.0-20170531160350-a96e63847dc3/go.mod h1:l0ndWWf7gzL7RNwBG7wST/UCcT4T24xpD6X8LsfU/+k=
